github.com/yeka/zip v0.0.0-20231116150916-03d6312748a9 h1:K8gF0eekWPEX+57l30ixxzGhHH/qscI3JCnuhbN6V4M=
github.com/yeka/zip v0.0.0-20231116150916-03d6312748a9/go.mod h1:9BnoKCcgJ/+SLhfAXj15352hTOuVmG5Gzo8xNRINfqI=
golang.org/x/crypto v0.24.0 h1:mnl8DM0o513X8fdIkmyFE/5hTYxbwYOjDS/+rK6qpRI=
golang.org/x/crypto v0.24.0/go.mod h1:Z1PMYSOR5nyMcyAVAIQSKCDwalqy85Aqn1x3Ws4L5DM=
